// !$*UTF8*$!
{
	archiveVersion = 1;
	classes = {
	};
	objectVersion = 55;
	objects = {

/* Begin PBXBuildFile section */
		2EAA1C1A2900417200F5AC73 /* AppDelegate.swift in Sources */ = {isa = PBXBuildFile; fileRef = 2EAA1C192900417200F5AC73 /* AppDelegate.swift */; };
		2EAA1C1C2900417200F5AC73 /* SceneDelegate.swift in Sources */ = {isa = PBXBuildFile; fileRef = 2EAA1C1B2900417200F5AC73 /* SceneDelegate.swift */; };
		2EAA1C1E2900417200F5AC73 /* ViewController.swift in Sources */ = {isa = PBXBuildFile; fileRef = 2EAA1C1D2900417200F5AC73 /* ViewController.swift */; };
		2EAA1C212900417200F5AC73 /* Main.storyboard in Resources */ = {isa = PBXBuildFile; fileRef = 2EAA1C1F2900417200F5AC73 /* Main.storyboard */; };
		2EAA1C232900417300F5AC73 /* Assets.xcassets in Resources */ = {isa = PBXBuildFile; fileRef = 2EAA1C222900417300F5AC73 /* Assets.xcassets */; };
		2EAA1C262900417300F5AC73 /* LaunchScreen.storyboard in Resources */ = {isa = PBXBuildFile; fileRef = 2EAA1C242900417300F5AC73 /* LaunchScreen.storyboard */; };
		2EAA1C312900417300F5AC73 /* Display_A_NumberTests.swift in Sources */ = {isa = PBXBuildFile; fileRef = 2EAA1C302900417300F5AC73 /* Display_A_NumberTests.swift */; };
		2EAA1C3B2900417300F5AC73 /* Display_A_NumberUITests.swift in Sources */ = {isa = PBXBuildFile; fileRef = 2EAA1C3A2900417300F5AC73 /* Display_A_NumberUITests.swift */; };
		2EAA1C3D2900417300F5AC73 /* Display_A_NumberUITestsLaunchTests.swift in Sources */ = {isa = PBXBuildFile; fileRef = 2EAA1C3C2900417300F5AC73 /* Display_A_NumberUITestsLaunchTests.swift */; };
/* End PBXBuildFile section */

/* Begin PBXContainerItemProxy section */
		2EAA1C2D2900417300F5AC73 /* PBXContainerItemProxy */ = {
			isa = PBXContainerItemProxy;
			containerPortal = 2EAA1C0E2900417200F5AC73 /* Project object */;
			proxyType = 1;
			remoteGlobalIDString = 2EAA1C152900417200F5AC73;
			remoteInfo = "Display A Number";
		};
		2EAA1C372900417300F5AC73 /* PBXContainerItemProxy */ = {
			isa = PBXContainerItemProxy;
			containerPortal = 2EAA1C0E2900417200F5AC73 /* Project object */;
			proxyType = 1;
			remoteGlobalIDString = 2EAA1C152900417200F5AC73;
			remoteInfo = "Display A Number";
		};
/* End PBXContainerItemProxy section */

/* Begin PBXFileReference section */
		2EAA1C162900417200F5AC73 /* Display A Number.app */ = {isa = PBXFileReference; explicitFileType = wrapper.application; includeInIndex = 0; path = "Display A Number.app"; sourceTree = BUILT_PRODUCTS_DIR; };
		2EAA1C192900417200F5AC73 /* AppDelegate.swift */ = {isa = PBXFileReference; lastKnownFileType = sourcecode.swift; path = AppDelegate.swift; sourceTree = "<group>"; };
		2EAA1C1B2900417200F5AC73 /* SceneDelegate.swift */ = {isa = PBXFileReference; lastKnownFileType = sourcecode.swift; path = SceneDelegate.swift; sourceTree = "<group>"; };
		2EAA1C1D2900417200F5AC73 /* ViewController.swift */ = {isa = PBXFileReference; lastKnownFileType = sourcecode.swift; path = ViewController.swift; sourceTree = "<group>"; };
		2EAA1C202900417200F5AC73 /* Base */ = {isa = PBXFileReference; lastKnownFileType = file.storyboard; name = Base; path = Base.lproj/Main.storyboard; sourceTree = "<group>"; };
		2EAA1C222900417300F5AC73 /* Assets.xcassets */ = {isa = PBXFileReference; lastKnownFileType = folder.assetcatalog; path = Assets.xcassets; sourceTree = "<group>"; };
		2EAA1C252900417300F5AC73 /* Base */ = {isa = PBXFileReference; lastKnownFileType = file.storyboard; name = Base; path = Base.lproj/LaunchScreen.storyboard; sourceTree = "<group>"; };
		2EAA1C272900417300F5AC73 /* Info.plist */ = {isa = PBXFileReference; lastKnownFileType = text.plist.xml; path = Info.plist; sourceTree = "<group>"; };
		2EAA1C2C2900417300F5AC73 /* Display A NumberTests.xctest */ = {isa = PBXFileReference; explicitFileType = wrapper.cfbundle; includeInIndex = 0; path = "Display A NumberTests.xctest"; sourceTree = BUILT_PRODUCTS_DIR; };
		2EAA1C302900417300F5AC73 /* Display_A_NumberTests.swift */ = {isa = PBXFileReference; lastKnownFileType = sourcecode.swift; path = Display_A_NumberTests.swift; sourceTree = "<group>"; };
		2EAA1C362900417300F5AC73 /* Display A NumberUITests.xctest */ = {isa = PBXFileReference; explicitFileType = wrapper.cfbundle; includeInIndex = 0; path = "Display A NumberUITests.xctest"; sourceTree = BUILT_PRODUCTS_DIR; };
		2EAA1C3A2900417300F5AC73 /* Display_A_NumberUITests.swift */ = {isa = PBXFileReference; lastKnownFileType = sourcecode.swift; path = Display_A_NumberUITests.swift; sourceTree = "<group>"; };
		2EAA1C3C2900417300F5AC73 /* Display_A_NumberUITestsLaunchTests.swift */ = {isa = PBXFileReference; lastKnownFileType = sourcecode.swift; path = Display_A_NumberUITestsLaunchTests.swift; sourceTree = "<group>"; };
/* End PBXFileReference section */

/* Begin PBXFrameworksBuildPhase section */
		2EAA1C132900417200F5AC73 /* Frameworks */ = {
			isa = PBXFrameworksBuildPhase;
			buildActionMask = 2147483647;
			files = (
			);
			runOnlyForDeploymentPostprocessing = 0;
		};
		2EAA1C292900417300F5AC73 /* Frameworks */ = {
			isa = PBXFrameworksBuildPhase;
			buildActionMask = 2147483647;
			files = (
			);
			runOnlyForDeploymentPostprocessing = 0;
		};
		2EAA1C332900417300F5AC73 /* Frameworks */ = {
			isa = PBXFrameworksBuildPhase;
			buildActionMask = 2147483647;
			files = (
			);
			runOnlyForDeploymentPostprocessing = 0;
		};
/* End PBXFrameworksBuildPhase section */

/* Begin PBXGroup section */
		2EAA1C0D2900417200F5AC73 = {
			isa = PBXGroup;
			children = (
				2EAA1C182900417200F5AC73 /* Display A Number */,
				2EAA1C2F2900417300F5AC73 /* Display A NumberTests */,
				2EAA1C392900417300F5AC73 /* Display A NumberUITests */,
				2EAA1C172900417200F5AC73 /* Products */,
			);
			sourceTree = "<group>";
		};
		2EAA1C172900417200F5AC73 /* Products */ = {
			isa = PBXGroup;
			children = (
				2EAA1C162900417200F5AC73 /* Display A Number.app */,
				2EAA1C2C2900417300F5AC73 /* Display A NumberTests.xctest */,
				2EAA1C362900417300F5AC73 /* Display A NumberUITests.xctest */,
			);
			name = Products;
			sourceTree = "<group>";
		};
		2EAA1C182900417200F5AC73 /* Display A Number */ = {
			isa = PBXGroup;
			children = (
				2EAA1C192900417200F5AC73 /* AppDelegate.swift */,
				2EAA1C1B2900417200F5AC73 /* SceneDelegate.swift */,
				2EAA1C1D2900417200F5AC73 /* ViewController.swift */,
				2EAA1C1F2900417200F5AC73 /* Main.storyboard */,
				2EAA1C222900417300F5AC73 /* Assets.xcassets */,
				2EAA1C242900417300F5AC73 /* LaunchScreen.storyboard */,
				2EAA1C272900417300F5AC73 /* Info.plist */,
			);
			path = "Display A Number";
			sourceTree = "<group>";
		};
		2EAA1C2F2900417300F5AC73 /* Display A NumberTests */ = {
			isa = PBXGroup;
			children = (
				2EAA1C302900417300F5AC73 /* Display_A_NumberTests.swift */,
			);
			path = "Display A NumberTests";
			sourceTree = "<group>";
		};
		2EAA1C392900417300F5AC73 /* Display A NumberUITests */ = {
			isa = PBXGroup;
			children = (
				2EAA1C3A2900417300F5AC73 /* Display_A_NumberUITests.swift */,
				2EAA1C3C2900417300F5AC73 /* Display_A_NumberUITestsLaunchTests.swift */,
			);
			path = "Display A NumberUITests";
			sourceTree = "<group>";
		};
/* End PBXGroup section */

/* Begin PBXNativeTarget section */
		2EAA1C152900417200F5AC73 /* Display A Number */ = {
			isa = PBXNativeTarget;
			buildConfigurationList = 2EAA1C402900417300F5AC73 /* Build configuration list for PBXNativeTarget "Display A Number" */;
			buildPhases = (
				2EAA1C122900417200F5AC73 /* Sources */,
				2EAA1C132900417200F5AC73 /* Frameworks */,
				2EAA1C142900417200F5AC73 /* Resources */,
			);
			buildRules = (
			);
			dependencies = (
			);
			name = "Display A Number";
			productName = "Display A Number";
			productReference = 2EAA1C162900417200F5AC73 /* Display A Number.app */;
			productType = "com.apple.product-type.application";
		};
		2EAA1C2B2900417300F5AC73 /* Display A NumberTests */ = {
			isa = PBXNativeTarget;
			buildConfigurationList = 2EAA1C432900417300F5AC73 /* Build configuration list for PBXNativeTarget "Display A NumberTests" */;
			buildPhases = (
				2EAA1C282900417300F5AC73 /* Sources */,
				2EAA1C292900417300F5AC73 /* Frameworks */,
				2EAA1C2A2900417300F5AC73 /* Resources */,
			);
			buildRules = (
			);
			dependencies = (
				2EAA1C2E2900417300F5AC73 /* PBXTargetDependency */,
			);
			name = "Display A NumberTests";
			productName = "Display A NumberTests";
			productReference = 2EAA1C2C2900417300F5AC73 /* Display A NumberTests.xctest */;
			productType = "com.apple.product-type.bundle.unit-test";
		};
		2EAA1C352900417300F5AC73 /* Display A NumberUITests */ = {
			isa = PBXNativeTarget;
			buildConfigurationList = 2EAA1C462900417300F5AC73 /* Build configuration list for PBXNativeTarget "Display A NumberUITests" */;
			buildPhases = (
				2EAA1C322900417300F5AC73 /* Sources */,
				2EAA1C332900417300F5AC73 /* Frameworks */,
				2EAA1C342900417300F5AC73 /* Resources */,
			);
			buildRules = (
			);
			dependencies = (
				2EAA1C382900417300F5AC73 /* PBXTargetDependency */,
			);
			name = "Display A NumberUITests";
			productName = "Display A NumberUITests";
			productReference = 2EAA1C362900417300F5AC73 /* Display A NumberUITests.xctest */;
			productType = "com.apple.product-type.bundle.ui-testing";
		};
/* End PBXNativeTarget section */

/* Begin PBXProject section */
		2EAA1C0E2900417200F5AC73 /* Project object */ = {
			isa = PBXProject;
			attributes = {
				BuildIndependentTargetsInParallel = 1;
				LastSwiftUpdateCheck = 1340;
				LastUpgradeCheck = 1340;
				TargetAttributes = {
					2EAA1C152900417200F5AC73 = {
						CreatedOnToolsVersion = 13.4.1;
					};
					2EAA1C2B2900417300F5AC73 = {
						CreatedOnToolsVersion = 13.4.1;
						TestTargetID = 2EAA1C152900417200F5AC73;
					};
					2EAA1C352900417300F5AC73 = {
						CreatedOnToolsVersion = 13.4.1;
						TestTargetID = 2EAA1C152900417200F5AC73;
					};
				};
			};
			buildConfigurationList = 2EAA1C112900417200F5AC73 /* Build configuration list for PBXProject "Display A Number" */;
			compatibilityVersion = "Xcode 13.0";
			developmentRegion = en;
			hasScannedForEncodings = 0;
			knownRegions = (
				en,
				Base,
			);
			mainGroup = 2EAA1C0D2900417200F5AC73;
			productRefGroup = 2EAA1C172900417200F5AC73 /* Products */;
			projectDirPath = "";
			projectRoot = "";
			targets = (
				2EAA1C152900417200F5AC73 /* Display A Number */,
				2EAA1C2B2900417300F5AC73 /* Display A NumberTests */,
				2EAA1C352900417300F5AC73 /* Display A NumberUITests */,
			);
		};
/* End PBXProject section */

/* Begin PBXResourcesBuildPhase section */
		2EAA1C142900417200F5AC73 /* Resources */ = {
			isa = PBXResourcesBuildPhase;
			buildActionMask = 2147483647;
			files = (
				2EAA1C262900417300F5AC73 /* LaunchScreen.storyboard in Resources */,
				2EAA1C232900417300F5AC73 /* Assets.xcassets in Resources */,
				2EAA1C212900417200F5AC73 /* Main.storyboard in Resources */,
			);
			runOnlyForDeploymentPostprocessing = 0;
		};
		2EAA1C2A2900417300F5AC73 /* Resources */ = {
			isa = PBXResourcesBuildPhase;
			buildActionMask = 2147483647;
			files = (
			);
			runOnlyForDeploymentPostprocessing = 0;
		};
		2EAA1C342900417300F5AC73 /* Resources */ = {
			isa = PBXResourcesBuildPhase;
			buildActionMask = 2147483647;
			files = (
			);
			runOnlyForDeploymentPostprocessing = 0;
		};
/* End PBXResourcesBuildPhase section */

/* Begin PBXSourcesBuildPhase section */
		2EAA1C122900417200F5AC73 /* Sources */ = {
			isa = PBXSourcesBuildPhase;
			buildActionMask = 2147483647;
			files = (
				2EAA1C1E2900417200F5AC73 /* ViewController.swift in Sources */,
				2EAA1C1A2900417200F5AC73 /* AppDelegate.swift in Sources */,
				2EAA1C1C2900417200F5AC73 /* SceneDelegate.swift in Sources */,
			);
			runOnlyForDeploymentPostprocessing = 0;
		};
		2EAA1C282900417300F5AC73 /* Sources */ = {
			isa = PBXSourcesBuildPhase;
			buildActionMask = 2147483647;
			files = (
				2EAA1C312900417300F5AC73 /* Display_A_NumberTests.swift in Sources */,
			);
			runOnlyForDeploymentPostprocessing = 0;
		};
		2EAA1C322900417300F5AC73 /* Sources */ = {
			isa = PBXSourcesBuildPhase;
			buildActionMask = 2147483647;
			files = (
				2EAA1C3D2900417300F5AC73 /* Display_A_NumberUITestsLaunchTests.swift in Sources */,
				2EAA1C3B2900417300F5AC73 /* Display_A_NumberUITests.swift in Sources */,
			);
			runOnlyForDeploymentPostprocessing = 0;
		};
/* End PBXSourcesBuildPhase section */

/* Begin PBXTargetDependency section */
		2EAA1C2E2900417300F5AC73 /* PBXTargetDependency */ = {
			isa = PBXTargetDependency;
			target = 2EAA1C152900417200F5AC73 /* Display A Number */;
			targetProxy = 2EAA1C2D2900417300F5AC73 /* PBXContainerItemProxy */;
		};
		2EAA1C382900417300F5AC73 /* PBXTargetDependency */ = {
			isa = PBXTargetDependency;
			target = 2EAA1C152900417200F5AC73 /* Display A Number */;
			targetProxy = 2EAA1C372900417300F5AC73 /* PBXContainerItemProxy */;
		};
/* End PBXTargetDependency section */

/* Begin PBXVariantGroup section */
		2EAA1C1F2900417200F5AC73 /* Main.storyboard */ = {
			isa = PBXVariantGroup;
			children = (
				2EAA1C202900417200F5AC73 /* Base */,
			);
			name = Main.storyboard;
			sourceTree = "<group>";
		};
		2EAA1C242900417300F5AC73 /* LaunchScreen.storyboard */ = {
			isa = PBXVariantGroup;
			children = (
				2EAA1C252900417300F5AC73 /* Base */,
			);
			name = LaunchScreen.storyboard;
			sourceTree = "<group>";
		};
/* End PBXVariantGroup section */

/* Begin XCBuildConfiguration section */
		2EAA1C3E2900417300F5AC73 /* Debug */ = {
			isa = XCBuildConfiguration;
			buildSettings = {
				ALWAYS_SEARCH_USER_PATHS = NO;
				CLANG_ANALYZER_NONNULL = YES;
				CLANG_ANALYZER_NUMBER_OBJECT_CONVERSION = YES_AGGRESSIVE;
				CLANG_CXX_LANGUAGE_STANDARD = "gnu++17";
				CLANG_ENABLE_MODULES = YES;
				CLANG_ENABLE_OBJC_ARC = YES;
				CLANG_ENABLE_OBJC_WEAK = YES;
				CLANG_WARN_BLOCK_CAPTURE_AUTORELEASING = YES;
				CLANG_WARN_BOOL_CONVERSION = YES;
				CLANG_WARN_COMMA = YES;
				CLANG_WARN_CONSTANT_CONVERSION = YES;
				CLANG_WARN_DEPRECATED_OBJC_IMPLEMENTATIONS = YES;
				CLANG_WARN_DIRECT_OBJC_ISA_USAGE = YES_ERROR;
				CLANG_WARN_DOCUMENTATION_COMMENTS = YES;
				CLANG_WARN_EMPTY_BODY = YES;
				CLANG_WARN_ENUM_CONVERSION = YES;
				CLANG_WARN_INFINITE_RECURSION = YES;
				CLANG_WARN_INT_CONVERSION = YES;
				CLANG_WARN_NON_LITERAL_NULL_CONVERSION = YES;
				CLANG_WARN_OBJC_IMPLICIT_RETAIN_SELF = YES;
				CLANG_WARN_OBJC_LITERAL_CONVERSION = YES;
				CLANG_WARN_OBJC_ROOT_CLASS = YES_ERROR;
				CLANG_WARN_QUOTED_INCLUDE_IN_FRAMEWORK_HEADER = YES;
				CLANG_WARN_RANGE_LOOP_ANALYSIS = YES;
				CLANG_WARN_STRICT_PROTOTYPES = YES;
				CLANG_WARN_SUSPICIOUS_MOVE = YES;
				CLANG_WARN_UNGUARDED_AVAILABILITY = YES_AGGRESSIVE;
				CLANG_WARN_UNREACHABLE_CODE = YES;
				CLANG_WARN__DUPLICATE_METHOD_MATCH = YES;
				COPY_PHASE_STRIP = NO;
				DEBUG_INFORMATION_FORMAT = dwarf;
				ENABLE_STRICT_OBJC_MSGSEND = YES;
				ENABLE_TESTABILITY = YES;
				GCC_C_LANGUAGE_STANDARD = gnu11;
				GCC_DYNAMIC_NO_PIC = NO;
				GCC_NO_COMMON_BLOCKS = YES;
				GCC_OPTIMIZATION_LEVEL = 0;
				GCC_PREPROCESSOR_DEFINITIONS = (
					"DEBUG=1",
					"$(inherited)",
				);
				GCC_WARN_64_TO_32_BIT_CONVERSION = YES;
				GCC_WARN_ABOUT_RETURN_TYPE = YES_ERROR;
				GCC_WARN_UNDECLARED_SELECTOR = YES;
				GCC_WARN_UNINITIALIZED_AUTOS = YES_AGGRESSIVE;
				GCC_WARN_UNUSED_FUNCTION = YES;
				GCC_WARN_UNUSED_VARIABLE = YES;
				IPHONEOS_DEPLOYMENT_TARGET = 15.5;
				MTL_ENABLE_DEBUG_INFO = INCLUDE_SOURCE;
				MTL_FAST_MATH = YES;
				ONLY_ACTIVE_ARCH = YES;
				SDKROOT = iphoneos;
				SWIFT_ACTIVE_COMPILATION_CONDITIONS = DEBUG;
				SWIFT_OPTIMIZATION_LEVEL = "-Onone";
			};
			name = Debug;
		};
		2EAA1C3F2900417300F5AC73 /* Release */ = {
			isa = XCBuildConfiguration;
			buildSettings = {
				ALWAYS_SEARCH_USER_PATHS = NO;
				CLANG_ANALYZER_NONNULL = YES;
				CLANG_ANALYZER_NUMBER_OBJECT_CONVERSION = YES_AGGRESSIVE;
				CLANG_CXX_LANGUAGE_STANDARD = "gnu++17";
				CLANG_ENABLE_MODULES = YES;
				CLANG_ENABLE_OBJC_ARC = YES;
				CLANG_ENABLE_OBJC_WEAK = YES;
				CLANG_WARN_BLOCK_CAPTURE_AUTORELEASING = YES;
				CLANG_WARN_BOOL_CONVERSION = YES;
				CLANG_WARN_COMMA = YES;
				CLANG_WARN_CONSTANT_CONVERSION = YES;
				CLANG_WARN_DEPRECATED_OBJC_IMPLEMENTATIONS = YES;
				CLANG_WARN_DIRECT_OBJC_ISA_USAGE = YES_ERROR;
				CLANG_WARN_DOCUMENTATION_COMMENTS = YES;
				CLANG_WARN_EMPTY_BODY = YES;
				CLANG_WARN_ENUM_CONVERSION = YES;
				CLANG_WARN_INFINITE_RECURSION = YES;
				CLANG_WARN_INT_CONVERSION = YES;
				CLANG_WARN_NON_LITERAL_NULL_CONVERSION = YES;
				CLANG_WARN_OBJC_IMPLICIT_RETAIN_SELF = YES;
				CLANG_WARN_OBJC_LITERAL_CONVERSION = YES;
				CLANG_WARN_OBJC_ROOT_CLASS = YES_ERROR;
				CLANG_WARN_QUOTED_INCLUDE_IN_FRAMEWORK_HEADER = YES;
				CLANG_WARN_RANGE_LOOP_ANALYSIS = YES;
				CLANG_WARN_STRICT_PROTOTYPES = YES;
				CLANG_WARN_SUSPICIOUS_MOVE = YES;
				CLANG_WARN_UNGUARDED_AVAILABILITY = YES_AGGRESSIVE;
				CLANG_WARN_UNREACHABLE_CODE = YES;
				CLANG_WARN__DUPLICATE_METHOD_MATCH = YES;
				COPY_PHASE_STRIP = NO;
				DEBUG_INFORMATION_FORMAT = "dwarf-with-dsym";
				ENABLE_NS_ASSERTIONS = NO;
				ENABLE_STRICT_OBJC_MSGSEND = YES;
				GCC_C_LANGUAGE_STANDARD = gnu11;
				GCC_NO_COMMON_BLOCKS = YES;
				GCC_WARN_64_TO_32_BIT_CONVERSION = YES;
				GCC_WARN_ABOUT_RETURN_TYPE = YES_ERROR;
				GCC_WARN_UNDECLARED_SELECTOR = YES;
				GCC_WARN_UNINITIALIZED_AUTOS = YES_AGGRESSIVE;
				GCC_WARN_UNUSED_FUNCTION = YES;
				GCC_WARN_UNUSED_VARIABLE = YES;
				IPHONEOS_DEPLOYMENT_TARGET = 15.5;
				MTL_ENABLE_DEBUG_INFO = NO;
				MTL_FAST_MATH = YES;
				SDKROOT = iphoneos;
				SWIFT_COMPILATION_MODE = wholemodule;
				SWIFT_OPTIMIZATION_LEVEL = "-O";
				VALIDATE_PRODUCT = YES;
			};
			name = Release;
		};
		2EAA1C412900417300F5AC73 /* Debug */ = {
			isa = XCBuildConfiguration;
			buildSettings = {
				ASSETCATALOG_COMPILER_APPICON_NAME = AppIcon;
				ASSETCATALOG_COMPILER_GLOBAL_ACCENT_COLOR_NAME = AccentColor;
				CODE_SIGN_STYLE = Automatic;
				CURRENT_PROJECT_VERSION = 1;
				DEVELOPMENT_TEAM = NKADWB7FRT;
				GENERATE_INFOPLIST_FILE = YES;
				INFOPLIST_FILE = "Display A Number/Info.plist";
				INFOPLIST_KEY_UIApplicationSupportsIndirectInputEvents = YES;
				INFOPLIST_KEY_UILaunchStoryboardName = LaunchScreen;
				INFOPLIST_KEY_UIMainStoryboardFile = Main;
				INFOPLIST_KEY_UISupportedInterfaceOrientations_iPad = "UIInterfaceOrientationPortrait UIInterfaceOrientationPortraitUpsideDown UIInterfaceOrientationLandscapeLeft UIInterfaceOrientationLandscapeRight";
				INFOPLIST_KEY_UISupportedInterfaceOrientations_iPhone = "UIInterfaceOrientationPortrait UIInterfaceOrientationLandscapeLeft UIInterfaceOrientationLandscapeRight";
				LD_RUNPATH_SEARCH_PATHS = (
					"$(inherited)",
					"@executable_path/Frameworks",
				);
				MARKETING_VERSION = 1.0;
				PRODUCT_BUNDLE_IDENTIFIER = "org.d127.261087.Display-A-Number";
				PRODUCT_NAME = "$(TARGET_NAME)";
				SWIFT_EMIT_LOC_STRINGS = YES;
				SWIFT_VERSION = 5.0;
				TARGETED_DEVICE_FAMILY = "1,2";
			};
			name = Debug;
		};
		2EAA1C422900417300F5AC73 /* Release */ = {
			isa = XCBuildConfiguration;
			buildSettings = {
				ASSETCATALOG_COMPILER_APPICON_NAME = AppIcon;
				ASSETCATALOG_COMPILER_GLOBAL_ACCENT_COLOR_NAME = AccentColor;
				CODE_SIGN_STYLE = Automatic;
				CURRENT_PROJECT_VERSION = 1;
				DEVELOPMENT_TEAM = NKADWB7FRT;
				GENERATE_INFOPLIST_FILE = YES;
				INFOPLIST_FILE = "Display A Number/Info.plist";
				INFOPLIST_KEY_UIApplicationSupportsIndirectInputEvents = YES;
				INFOPLIST_KEY_UILaunchStoryboardName = LaunchScreen;
				INFOPLIST_KEY_UIMainStoryboardFile = Main;
				INFOPLIST_KEY_UISupportedInterfaceOrientations_iPad = "UIInterfaceOrientationPortrait UIInterfaceOrientationPortraitUpsideDown UIInterfaceOrientationLandscapeLeft UIInterfaceOrientationLandscapeRight";
				INFOPLIST_KEY_UISupportedInterfaceOrientations_iPhone = "UIInterfaceOrientationPortrait UIInterfaceOrientationLandscapeLeft UIInterfaceOrientationLandscapeRight";
				LD_RUNPATH_SEARCH_PATHS = (
					"$(inherited)",
					"@executable_path/Frameworks",
				);
				MARKETING_VERSION = 1.0;
				PRODUCT_BUNDLE_IDENTIFIER = "org.d127.261087.Display-A-Number";
				PRODUCT_NAME = "$(TARGET_NAME)";
				SWIFT_EMIT_LOC_STRINGS = YES;
				SWIFT_VERSION = 5.0;
				TARGETED_DEVICE_FAMILY = "1,2";
			};
			name = Release;
		};
		2EAA1C442900417300F5AC73 /* Debug */ = {
			isa = XCBuildConfiguration;
			buildSettings = {
				ALWAYS_EMBED_SWIFT_STANDARD_LIBRARIES = YES;
				BUNDLE_LOADER = "$(TEST_HOST)";
				CODE_SIGN_STYLE = Automatic;
				CURRENT_PROJECT_VERSION = 1;
				DEVELOPMENT_TEAM = NKADWB7FRT;
				GENERATE_INFOPLIST_FILE = YES;
				IPHONEOS_DEPLOYMENT_TARGET = 15.5;
				MARKETING_VERSION = 1.0;
				PRODUCT_BUNDLE_IDENTIFIER = "org.d127.261087.Display-A-NumberTests";
				PRODUCT_NAME = "$(TARGET_NAME)";
				SWIFT_EMIT_LOC_STRINGS = NO;
				SWIFT_VERSION = 5.0;
				TARGETED_DEVICE_FAMILY = "1,2";
				TEST_HOST = "$(BUILT_PRODUCTS_DIR)/Display A Number.app/Display A Number";
			};
			name = Debug;
		};
		2EAA1C452900417300F5AC73 /* Release */ = {
			isa = XCBuildConfiguration;
			buildSettings = {
				ALWAYS_EMBED_SWIFT_STANDARD_LIBRARIES = YES;
				BUNDLE_LOADER = "$(TEST_HOST)";
				CODE_SIGN_STYLE = Automatic;
				CURRENT_PROJECT_VERSION = 1;
				DEVELOPMENT_TEAM = NKADWB7FRT;
				GENERATE_INFOPLIST_FILE = YES;
				IPHONEOS_DEPLOYMENT_TARGET = 15.5;
				MARKETING_VERSION = 1.0;
				PRODUCT_BUNDLE_IDENTIFIER = "org.d127.261087.Display-A-NumberTests";
				PRODUCT_NAME = "$(TARGET_NAME)";
				SWIFT_EMIT_LOC_STRINGS = NO;
				SWIFT_VERSION = 5.0;
				TARGETED_DEVICE_FAMILY = "1,2";
				TEST_HOST = "$(BUILT_PRODUCTS_DIR)/Display A Number.app/Display A Number";
			};
			name = Release;
		};
		2EAA1C472900417300F5AC73 /* Debug */ = {
			isa = XCBuildConfiguration;
			buildSettings = {
				ALWAYS_EMBED_SWIFT_STANDARD_LIBRARIES = YES;
				CODE_SIGN_STYLE = Automatic;
				CURRENT_PROJECT_VERSION = 1;
				DEVELOPMENT_TEAM = NKADWB7FRT;
				GENERATE_INFOPLIST_FILE = YES;
				MARKETING_VERSION = 1.0;
				PRODUCT_BUNDLE_IDENTIFIER = "org.d127.261087.Display-A-NumberUITests";
				PRODUCT_NAME = "$(TARGET_NAME)";
				SWIFT_EMIT_LOC_STRINGS = NO;
				SWIFT_VERSION = 5.0;
				TARGETED_DEVICE_FAMILY = "1,2";
				TEST_TARGET_NAME = "Display A Number";
			};
			name = Debug;
		};
		2EAA1C482900417300F5AC73 /* Release */ = {
			isa = XCBuildConfiguration;
			buildSettings = {
				ALWAYS_EMBED_SWIFT_STANDARD_LIBRARIES = YES;
				CODE_SIGN_STYLE = Automatic;
				CURRENT_PROJECT_VERSION = 1;
				DEVELOPMENT_TEAM = NKADWB7FRT;
				GENERATE_INFOPLIST_FILE = YES;
				MARKETING_VERSION = 1.0;
				PRODUCT_BUNDLE_IDENTIFIER = "org.d127.261087.Display-A-NumberUITests";
				PRODUCT_NAME = "$(TARGET_NAME)";
				SWIFT_EMIT_LOC_STRINGS = NO;
				SWIFT_VERSION = 5.0;
				TARGETED_DEVICE_FAMILY = "1,2";
				TEST_TARGET_NAME = "Display A Number";
			};
			name = Release;
		};
/* End XCBuildConfiguration section */

/* Begin XCConfigurationList section */
		2EAA1C112900417200F5AC73 /* Build configuration list for PBXProject "Display A Number" */ = {
			isa = XCConfigurationList;
			buildConfigurations = (
				2EAA1C3E2900417300F5AC73 /* Debug */,
				2EAA1C3F2900417300F5AC73 /* Release */,
			);
			defaultConfigurationIsVisible = 0;
			defaultConfigurationName = Release;
		};
		2EAA1C402900417300F5AC73 /* Build configuration list for PBXNativeTarget "Display A Number" */ = {
			isa = XCConfigurationList;
			buildConfigurations = (
				2EAA1C412900417300F5AC73 /* Debug */,
				2EAA1C422900417300F5AC73 /* Release */,
			);
			defaultConfigurationIsVisible = 0;
			defaultConfigurationName = Release;
		};
		2EAA1C432900417300F5AC73 /* Build configuration list for PBXNativeTarget "Display A NumberTests" */ = {
			isa = XCConfigurationList;
			buildConfigurations = (
				2EAA1C442900417300F5AC73 /* Debug */,
				2EAA1C452900417300F5AC73 /* Release */,
			);
			defaultConfigurationIsVisible = 0;
			defaultConfigurationName = Release;
		};
		2EAA1C462900417300F5AC73 /* Build configuration list for PBXNativeTarget "Display A NumberUITests" */ = {
			isa = XCConfigurationList;
			buildConfigurations = (
				2EAA1C472900417300F5AC73 /* Debug */,
				2EAA1C482900417300F5AC73 /* Release */,
			);
			defaultConfigurationIsVisible = 0;
			defaultConfigurationName = Release;
		};
/* End XCConfigurationList section */
	};
	rootObject = 2EAA1C0E2900417200F5AC73 /* Project object */;
}
